{
  "name": "NeoNet",
  "lockfileVersion": 2,
  "requires": true,
  "packages": {
    "": {
      "dependencies": {
        "@rbxts/types": "^1.0.638"
      }
    },
    "node_modules/@rbxts/types": {
      "version": "1.0.638",
      "resolved": "https://registry.npmjs.org/@rbxts/types/-/types-1.0.638.tgz",
      "integrity": "sha512-k8iE8IlQUr0NVdCF70/VXU/z4We/3DN5JTPVXxme8t2M2ZzXe7WONTVXghahfFZ8Gxkp8NAFzQ9GqmoNHcYxFg=="
    }
  },
  "dependencies": {
    "@rbxts/types": {
      "version": "1.0.638",
      "resolved": "https://registry.npmjs.org/@rbxts/types/-/types-1.0.638.tgz",
      "integrity": "sha512-k8iE8IlQUr0NVdCF70/VXU/z4We/3DN5JTPVXxme8t2M2ZzXe7WONTVXghahfFZ8Gxkp8NAFzQ9GqmoNHcYxFg=="
    }
  }
}
