{
  "name": "NeoNet",
  "lockfileVersion": 2,
  "requires": true,
  "packages": {
    "": {
      "dependencies": {
        "@rbxts/types": "^1.0.637"
      }
    },
    "node_modules/@rbxts/types": {
      "version": "1.0.637",
      "resolved": "https://registry.npmjs.org/@rbxts/types/-/types-1.0.637.tgz",
      "integrity": "sha512-uZIlOWwWYe1UpYYGxeHoZBNgjxHNfzzfw18LDdQDlL5+N+td/SSmJephOfi4ysHSHjpRNW4SC+t+yTqThznGYA=="
    }
  },
  "dependencies": {
    "@rbxts/types": {
      "version": "1.0.637",
      "resolved": "https://registry.npmjs.org/@rbxts/types/-/types-1.0.637.tgz",
      "integrity": "sha512-uZIlOWwWYe1UpYYGxeHoZBNgjxHNfzzfw18LDdQDlL5+N+td/SSmJephOfi4ysHSHjpRNW4SC+t+yTqThznGYA=="
    }
  }
}
